// !$*UTF8*$!
{
	archiveVersion = 1;
	classes = {
	};
	objectVersion = 50;
	objects = {

/* Begin PBXBuildFile section */
		93454B15247B073E00075FBD /* MemeCollectionViewController.swift in Sources */ = {isa = PBXBuildFile; fileRef = 93454B14247B073E00075FBD /* MemeCollectionViewController.swift */; };
		93454B17247B0A9E00075FBD /* MemeCollectionViewCell.swift in Sources */ = {isa = PBXBuildFile; fileRef = 93454B16247B0A9E00075FBD /* MemeCollectionViewCell.swift */; };
		93454B19247B0D6800075FBD /* MemeTableViewController.swift in Sources */ = {isa = PBXBuildFile; fileRef = 93454B18247B0D6800075FBD /* MemeTableViewController.swift */; };
		93524615247C9D1A0025DEC1 /* MemeController.swift in Sources */ = {isa = PBXBuildFile; fileRef = 93524614247C9D190025DEC1 /* MemeController.swift */; };
		9381E3AD247620CD00A59470 /* Meme.swift in Sources */ = {isa = PBXBuildFile; fileRef = 9381E3AC247620CD00A59470 /* Meme.swift */; };
		939FC91A24737C9400FA32FA /* AppDelegate.swift in Sources */ = {isa = PBXBuildFile; fileRef = 939FC91924737C9400FA32FA /* AppDelegate.swift */; };
		939FC91C24737C9400FA32FA /* SceneDelegate.swift in Sources */ = {isa = PBXBuildFile; fileRef = 939FC91B24737C9400FA32FA /* SceneDelegate.swift */; };
		939FC91E24737C9400FA32FA /* MemeEditorViewController.swift in Sources */ = {isa = PBXBuildFile; fileRef = 939FC91D24737C9400FA32FA /* MemeEditorViewController.swift */; };
		939FC92124737C9400FA32FA /* Main.storyboard in Resources */ = {isa = PBXBuildFile; fileRef = 939FC91F24737C9400FA32FA /* Main.storyboard */; };
		939FC92324737C9400FA32FA /* Assets.xcassets in Resources */ = {isa = PBXBuildFile; fileRef = 939FC92224737C9400FA32FA /* Assets.xcassets */; };
		939FC92624737C9400FA32FA /* LaunchScreen.storyboard in Resources */ = {isa = PBXBuildFile; fileRef = 939FC92424737C9400FA32FA /* LaunchScreen.storyboard */; };
		93AD78F3247B380C0070CD42 /* MemeDetailViewController.swift in Sources */ = {isa = PBXBuildFile; fileRef = 93AD78F2247B380C0070CD42 /* MemeDetailViewController.swift */; };
/* End PBXBuildFile section */

/* Begin PBXFileReference section */
		93454B14247B073E00075FBD /* MemeCollectionViewController.swift */ = {isa = PBXFileReference; lastKnownFileType = sourcecode.swift; path = MemeCollectionViewController.swift; sourceTree = "<group>"; };
		93454B16247B0A9E00075FBD /* MemeCollectionViewCell.swift */ = {isa = PBXFileReference; lastKnownFileType = sourcecode.swift; path = MemeCollectionViewCell.swift; sourceTree = "<group>"; };
		93454B18247B0D6800075FBD /* MemeTableViewController.swift */ = {isa = PBXFileReference; lastKnownFileType = sourcecode.swift; path = MemeTableViewController.swift; sourceTree = "<group>"; };
		93524614247C9D190025DEC1 /* MemeController.swift */ = {isa = PBXFileReference; fileEncoding = 4; lastKnownFileType = sourcecode.swift; path = MemeController.swift; sourceTree = "<group>"; };
		9381E3AC247620CD00A59470 /* Meme.swift */ = {isa = PBXFileReference; lastKnownFileType = sourcecode.swift; path = Meme.swift; sourceTree = "<group>"; };
		939FC91624737C9400FA32FA /* Meme Me.app */ = {isa = PBXFileReference; explicitFileType = wrapper.application; includeInIndex = 0; path = "Meme Me.app"; sourceTree = BUILT_PRODUCTS_DIR; };
		939FC91924737C9400FA32FA /* AppDelegate.swift */ = {isa = PBXFileReference; lastKnownFileType = sourcecode.swift; path = AppDelegate.swift; sourceTree = "<group>"; };
		939FC91B24737C9400FA32FA /* SceneDelegate.swift */ = {isa = PBXFileReference; lastKnownFileType = sourcecode.swift; path = SceneDelegate.swift; sourceTree = "<group>"; };
		939FC91D24737C9400FA32FA /* MemeEditorViewController.swift */ = {isa = PBXFileReference; lastKnownFileType = sourcecode.swift; path = MemeEditorViewController.swift; sourceTree = "<group>"; };
		939FC92024737C9400FA32FA /* Base */ = {isa = PBXFileReference; lastKnownFileType = file.storyboard; name = Base; path = Base.lproj/Main.storyboard; sourceTree = "<group>"; };
		939FC92224737C9400FA32FA /* Assets.xcassets */ = {isa = PBXFileReference; lastKnownFileType = folder.assetcatalog; path = Assets.xcassets; sourceTree = "<group>"; };
		939FC92524737C9400FA32FA /* Base */ = {isa = PBXFileReference; lastKnownFileType = file.storyboard; name = Base; path = Base.lproj/LaunchScreen.storyboard; sourceTree = "<group>"; };
		939FC92724737C9400FA32FA /* Info.plist */ = {isa = PBXFileReference; lastKnownFileType = text.plist.xml; path = Info.plist; sourceTree = "<group>"; };
		93AD78F2247B380C0070CD42 /* MemeDetailViewController.swift */ = {isa = PBXFileReference; lastKnownFileType = sourcecode.swift; path = MemeDetailViewController.swift; sourceTree = "<group>"; };
/* End PBXFileReference section */

/* Begin PBXFrameworksBuildPhase section */
		939FC91324737C9400FA32FA /* Frameworks */ = {
			isa = PBXFrameworksBuildPhase;
			buildActionMask = 2147483647;
			files = (
			);
			runOnlyForDeploymentPostprocessing = 0;
		};
/* End PBXFrameworksBuildPhase section */

/* Begin PBXGroup section */
		939FC90D24737C9400FA32FA = {
			isa = PBXGroup;
			children = (
				939FC91824737C9400FA32FA /* Meme Me */,
				939FC91724737C9400FA32FA /* Products */,
			);
			sourceTree = "<group>";
		};
		939FC91724737C9400FA32FA /* Products */ = {
			isa = PBXGroup;
			children = (
				939FC91624737C9400FA32FA /* Meme Me.app */,
			);
			name = Products;
			sourceTree = "<group>";
		};
		939FC91824737C9400FA32FA /* Meme Me */ = {
			isa = PBXGroup;
			children = (
				939FC91924737C9400FA32FA /* AppDelegate.swift */,
				939FC91B24737C9400FA32FA /* SceneDelegate.swift */,
				939FC91D24737C9400FA32FA /* MemeEditorViewController.swift */,
				939FC91F24737C9400FA32FA /* Main.storyboard */,
				939FC92224737C9400FA32FA /* Assets.xcassets */,
				939FC92424737C9400FA32FA /* LaunchScreen.storyboard */,
				939FC92724737C9400FA32FA /* Info.plist */,
				9381E3AC247620CD00A59470 /* Meme.swift */,
				93454B14247B073E00075FBD /* MemeCollectionViewController.swift */,
				93454B16247B0A9E00075FBD /* MemeCollectionViewCell.swift */,
				93454B18247B0D6800075FBD /* MemeTableViewController.swift */,
				93AD78F2247B380C0070CD42 /* MemeDetailViewController.swift */,
				93524614247C9D190025DEC1 /* MemeController.swift */,
			);
			path = "Meme Me";
			sourceTree = "<group>";
		};
/* End PBXGroup section */

/* Begin PBXNativeTarget section */
		939FC91524737C9400FA32FA /* Meme Me */ = {
			isa = PBXNativeTarget;
			buildConfigurationList = 939FC92A24737C9400FA32FA /* Build configuration list for PBXNativeTarget "Meme Me" */;
			buildPhases = (
				939FC91224737C9400FA32FA /* Sources */,
				939FC91324737C9400FA32FA /* Frameworks */,
				939FC91424737C9400FA32FA /* Resources */,
			);
			buildRules = (
			);
			dependencies = (
			);
			name = "Meme Me";
			productName = "Meme Me";
			productReference = 939FC91624737C9400FA32FA /* Meme Me.app */;
			productType = "com.apple.product-type.application";
		};
/* End PBXNativeTarget section */

/* Begin PBXProject section */
		939FC90E24737C9400FA32FA /* Project object */ = {
			isa = PBXProject;
			attributes = {
				LastSwiftUpdateCheck = 1140;
				LastUpgradeCheck = 1140;
				ORGANIZATIONNAME = "James Consutling LLC";
				TargetAttributes = {
					939FC91524737C9400FA32FA = {
						CreatedOnToolsVersion = 11.4.1;
					};
				};
			};
			buildConfigurationList = 939FC91124737C9400FA32FA /* Build configuration list for PBXProject "Meme Me" */;
			compatibilityVersion = "Xcode 9.3";
			developmentRegion = en;
			hasScannedForEncodings = 0;
			knownRegions = (
				en,
				Base,
			);
			mainGroup = 939FC90D24737C9400FA32FA;
			productRefGroup = 939FC91724737C9400FA32FA /* Products */;
			projectDirPath = "";
			projectRoot = "";
			targets = (
				939FC91524737C9400FA32FA /* Meme Me */,
			);
		};
/* End PBXProject section */

/* Begin PBXResourcesBuildPhase section */
		939FC91424737C9400FA32FA /* Resources */ = {
			isa = PBXResourcesBuildPhase;
			buildActionMask = 2147483647;
			files = (
				939FC92624737C9400FA32FA /* LaunchScreen.storyboard in Resources */,
				939FC92324737C9400FA32FA /* Assets.xcassets in Resources */,
				939FC92124737C9400FA32FA /* Main.storyboard in Resources */,
			);
			runOnlyForDeploymentPostprocessing = 0;
		};
/* End PBXResourcesBuildPhase section */

/* Begin PBXSourcesBuildPhase section */
		939FC91224737C9400FA32FA /* Sources */ = {
			isa = PBXSourcesBuildPhase;
			buildActionMask = 2147483647;
			files = (
				93AD78F3247B380C0070CD42 /* MemeDetailViewController.swift in Sources */,
				93454B17247B0A9E00075FBD /* MemeCollectionViewCell.swift in Sources */,
				93454B19247B0D6800075FBD /* MemeTableViewController.swift in Sources */,
				939FC91E24737C9400FA32FA /* MemeEditorViewController.swift in Sources */,
				93524615247C9D1A0025DEC1 /* MemeController.swift in Sources */,
				9381E3AD247620CD00A59470 /* Meme.swift in Sources */,
				93454B15247B073E00075FBD /* MemeCollectionViewController.swift in Sources */,
				939FC91A24737C9400FA32FA /* AppDelegate.swift in Sources */,
				939FC91C24737C9400FA32FA /* SceneDelegate.swift in Sources */,
			);
			runOnlyForDeploymentPostprocessing = 0;
		};
/* End PBXSourcesBuildPhase section */

/* Begin PBXVariantGroup section */
		939FC91F24737C9400FA32FA /* Main.storyboard */ = {
			isa = PBXVariantGroup;
			children = (
				939FC92024737C9400FA32FA /* Base */,
			);
			name = Main.storyboard;
			sourceTree = "<group>";
		};
		939FC92424737C9400FA32FA /* LaunchScreen.storyboard */ = {
			isa = PBXVariantGroup;
			children = (
				939FC92524737C9400FA32FA /* Base */,
			);
			name = LaunchScreen.storyboard;
			sourceTree = "<group>";
		};
/* End PBXVariantGroup section */

/* Begin XCBuildConfiguration section */
		939FC92824737C9400FA32FA /* Debug */ = {
			isa = XCBuildConfiguration;
			buildSettings = {
				ALWAYS_SEARCH_USER_PATHS = NO;
				CLANG_ANALYZER_NONNULL = YES;
				CLANG_ANALYZER_NUMBER_OBJECT_CONVERSION = YES_AGGRESSIVE;
				CLANG_CXX_LANGUAGE_STANDARD = "gnu++14";
				CLANG_CXX_LIBRARY = "libc++";
				CLANG_ENABLE_MODULES = YES;
				CLANG_ENABLE_OBJC_ARC = YES;
				CLANG_ENABLE_OBJC_WEAK = YES;
				CLANG_WARN_BLOCK_CAPTURE_AUTORELEASING = YES;
				CLANG_WARN_BOOL_CONVERSION = YES;
				CLANG_WARN_COMMA = YES;
				CLANG_WARN_CONSTANT_CONVERSION = YES;
				CLANG_WARN_DEPRECATED_OBJC_IMPLEMENTATIONS = YES;
				CLANG_WARN_DIRECT_OBJC_ISA_USAGE = YES_ERROR;
				CLANG_WARN_DOCUMENTATION_COMMENTS = YES;
				CLANG_WARN_EMPTY_BODY = YES;
				CLANG_WARN_ENUM_CONVERSION = YES;
				CLANG_WARN_INFINITE_RECURSION = YES;
				CLANG_WARN_INT_CONVERSION = YES;
				CLANG_WARN_NON_LITERAL_NULL_CONVERSION = YES;
				CLANG_WARN_OBJC_IMPLICIT_RETAIN_SELF = YES;
				CLANG_WARN_OBJC_LITERAL_CONVERSION = YES;
				CLANG_WARN_OBJC_ROOT_CLASS = YES_ERROR;
				CLANG_WARN_RANGE_LOOP_ANALYSIS = YES;
				CLANG_WARN_STRICT_PROTOTYPES = YES;
				CLANG_WARN_SUSPICIOUS_MOVE = YES;
				CLANG_WARN_UNGUARDED_AVAILABILITY = YES_AGGRESSIVE;
				CLANG_WARN_UNREACHABLE_CODE = YES;
				CLANG_WARN__DUPLICATE_METHOD_MATCH = YES;
				COPY_PHASE_STRIP = NO;
				DEBUG_INFORMATION_FORMAT = dwarf;
				ENABLE_STRICT_OBJC_MSGSEND = YES;
				ENABLE_TESTABILITY = YES;
				GCC_C_LANGUAGE_STANDARD = gnu11;
				GCC_DYNAMIC_NO_PIC = NO;
				GCC_NO_COMMON_BLOCKS = YES;
				GCC_OPTIMIZATION_LEVEL = 0;
				GCC_PREPROCESSOR_DEFINITIONS = (
					"DEBUG=1",
					"$(inherited)",
				);
				GCC_WARN_64_TO_32_BIT_CONVERSION = YES;
				GCC_WARN_ABOUT_RETURN_TYPE = YES_ERROR;
				GCC_WARN_UNDECLARED_SELECTOR = YES;
				GCC_WARN_UNINITIALIZED_AUTOS = YES_AGGRESSIVE;
				GCC_WARN_UNUSED_FUNCTION = YES;
				GCC_WARN_UNUSED_VARIABLE = YES;
				IPHONEOS_DEPLOYMENT_TARGET = 13.4;
				MTL_ENABLE_DEBUG_INFO = INCLUDE_SOURCE;
				MTL_FAST_MATH = YES;
				ONLY_ACTIVE_ARCH = YES;
				SDKROOT = iphoneos;
				SWIFT_ACTIVE_COMPILATION_CONDITIONS = DEBUG;
				SWIFT_OPTIMIZATION_LEVEL = "-Onone";
			};
			name = Debug;
		};
		939FC92924737C9400FA32FA /* Release */ = {
			isa = XCBuildConfiguration;
			buildSettings = {
				ALWAYS_SEARCH_USER_PATHS = NO;
				CLANG_ANALYZER_NONNULL = YES;
				CLANG_ANALYZER_NUMBER_OBJECT_CONVERSION = YES_AGGRESSIVE;
				CLANG_CXX_LANGUAGE_STANDARD = "gnu++14";
				CLANG_CXX_LIBRARY = "libc++";
				CLANG_ENABLE_MODULES = YES;
				CLANG_ENABLE_OBJC_ARC = YES;
				CLANG_ENABLE_OBJC_WEAK = YES;
				CLANG_WARN_BLOCK_CAPTURE_AUTORELEASING = YES;
				CLANG_WARN_BOOL_CONVERSION = YES;
				CLANG_WARN_COMMA = YES;
				CLANG_WARN_CONSTANT_CONVERSION = YES;
				CLANG_WARN_DEPRECATED_OBJC_IMPLEMENTATIONS = YES;
				CLANG_WARN_DIRECT_OBJC_ISA_USAGE = YES_ERROR;
				CLANG_WARN_DOCUMENTATION_COMMENTS = YES;
				CLANG_WARN_EMPTY_BODY = YES;
				CLANG_WARN_ENUM_CONVERSION = YES;
				CLANG_WARN_INFINITE_RECURSION = YES;
				CLANG_WARN_INT_CONVERSION = YES;
				CLANG_WARN_NON_LITERAL_NULL_CONVERSION = YES;
				CLANG_WARN_OBJC_IMPLICIT_RETAIN_SELF = YES;
				CLANG_WARN_OBJC_LITERAL_CONVERSION = YES;
				CLANG_WARN_OBJC_ROOT_CLASS = YES_ERROR;
				CLANG_WARN_RANGE_LOOP_ANALYSIS = YES;
				CLANG_WARN_STRICT_PROTOTYPES = YES;
				CLANG_WARN_SUSPICIOUS_MOVE = YES;
				CLANG_WARN_UNGUARDED_AVAILABILITY = YES_AGGRESSIVE;
				CLANG_WARN_UNREACHABLE_CODE = YES;
				CLANG_WARN__DUPLICATE_METHOD_MATCH = YES;
				COPY_PHASE_STRIP = NO;
				DEBUG_INFORMATION_FORMAT = "dwarf-with-dsym";
				ENABLE_NS_ASSERTIONS = NO;
				ENABLE_STRICT_OBJC_MSGSEND = YES;
				GCC_C_LANGUAGE_STANDARD = gnu11;
				GCC_NO_COMMON_BLOCKS = YES;
				GCC_WARN_64_TO_32_BIT_CONVERSION = YES;
				GCC_WARN_ABOUT_RETURN_TYPE = YES_ERROR;
				GCC_WARN_UNDECLARED_SELECTOR = YES;
				GCC_WARN_UNINITIALIZED_AUTOS = YES_AGGRESSIVE;
				GCC_WARN_UNUSED_FUNCTION = YES;
				GCC_WARN_UNUSED_VARIABLE = YES;
				IPHONEOS_DEPLOYMENT_TARGET = 13.4;
				MTL_ENABLE_DEBUG_INFO = NO;
				MTL_FAST_MATH = YES;
				SDKROOT = iphoneos;
				SWIFT_COMPILATION_MODE = wholemodule;
				SWIFT_OPTIMIZATION_LEVEL = "-O";
				VALIDATE_PRODUCT = YES;
			};
			name = Release;
		};
		939FC92B24737C9400FA32FA /* Debug */ = {
			isa = XCBuildConfiguration;
			buildSettings = {
				ASSETCATALOG_COMPILER_APPICON_NAME = AppIcon;
				CODE_SIGN_STYLE = Automatic;
				DEVELOPMENT_TEAM = A2RFPY92N7;
				INFOPLIST_FILE = "Meme Me/Info.plist";
				LD_RUNPATH_SEARCH_PATHS = (
					"$(inherited)",
					"@executable_path/Frameworks",
				);
				PRODUCT_BUNDLE_IDENTIFIER = "biz.jamesconsulting.Meme-Me";
				PRODUCT_NAME = "$(TARGET_NAME)";
				SWIFT_VERSION = 5.0;
				TARGETED_DEVICE_FAMILY = "1,2";
			};
			name = Debug;
		};
		939FC92C24737C9400FA32FA /* Release */ = {
			isa = XCBuildConfiguration;
			buildSettings = {
				ASSETCATALOG_COMPILER_APPICON_NAME = AppIcon;
				CODE_SIGN_STYLE = Automatic;
				DEVELOPMENT_TEAM = A2RFPY92N7;
				INFOPLIST_FILE = "Meme Me/Info.plist";
				LD_RUNPATH_SEARCH_PATHS = (
					"$(inherited)",
					"@executable_path/Frameworks",
				);
				PRODUCT_BUNDLE_IDENTIFIER = "biz.jamesconsulting.Meme-Me";
				PRODUCT_NAME = "$(TARGET_NAME)";
				SWIFT_VERSION = 5.0;
				TARGETED_DEVICE_FAMILY = "1,2";
			};
			name = Release;
		};
/* End XCBuildConfiguration section */

/* Begin XCConfigurationList section */
		939FC91124737C9400FA32FA /* Build configuration list for PBXProject "Meme Me" */ = {
			isa = XCConfigurationList;
			buildConfigurations = (
				939FC92824737C9400FA32FA /* Debug */,
				939FC92924737C9400FA32FA /* Release */,
			);
			defaultConfigurationIsVisible = 0;
			defaultConfigurationName = Release;
		};
		939FC92A24737C9400FA32FA /* Build configuration list for PBXNativeTarget "Meme Me" */ = {
			isa = XCConfigurationList;
			buildConfigurations = (
				939FC92B24737C9400FA32FA /* Debug */,
				939FC92C24737C9400FA32FA /* Release */,
			);
			defaultConfigurationIsVisible = 0;
			defaultConfigurationName = Release;
		};
/* End XCConfigurationList section */
	};
	rootObject = 939FC90E24737C9400FA32FA /* Project object */;
}
